// !$*UTF8*$!
{
	archiveVersion = 1;
	classes = {
	};
	objectVersion = 46;
	objects = {

/* Begin PBXBuildFile section */
		3745F27614C8A80000007C3C /* dump.c in Sources */ = {isa = PBXBuildFile; fileRef = 3745F26C14C8A80000007C3C /* dump.c */; };
		3745F27714C8A80000007C3C /* iwa.c in Sources */ = {isa = PBXBuildFile; fileRef = 3745F26D14C8A80000007C3C /* iwa.c */; };
		3745F27814C8A80000007C3C /* iwa.h in Headers */ = {isa = PBXBuildFile; fileRef = 3745F26E14C8A80000007C3C /* iwa.h */; };
		3745F27914C8A80000007C3C /* learn.c in Sources */ = {isa = PBXBuildFile; fileRef = 3745F26F14C8A80000007C3C /* learn.c */; };
		3745F27A14C8A80000007C3C /* main.c in Sources */ = {isa = PBXBuildFile; fileRef = 3745F27014C8A80000007C3C /* main.c */; };
		3745F27B14C8A80000007C3C /* option.c in Sources */ = {isa = PBXBuildFile; fileRef = 3745F27114C8A80000007C3C /* option.c */; };
		3745F27C14C8A80000007C3C /* option.h in Headers */ = {isa = PBXBuildFile; fileRef = 3745F27214C8A80000007C3C /* option.h */; };
		3745F27D14C8A80000007C3C /* readdata.h in Headers */ = {isa = PBXBuildFile; fileRef = 3745F27314C8A80000007C3C /* readdata.h */; };
		3745F27E14C8A80000007C3C /* reader.c in Sources */ = {isa = PBXBuildFile; fileRef = 3745F27414C8A80000007C3C /* reader.c */; };
		3745F27F14C8A80000007C3C /* tag.c in Sources */ = {isa = PBXBuildFile; fileRef = 3745F27514C8A80000007C3C /* tag.c */; };
		3745F29014C8A8DA00007C3C /* dump.c in Sources */ = {isa = PBXBuildFile; fileRef = 3745F26C14C8A80000007C3C /* dump.c */; };
		3745F29114C8A8DA00007C3C /* iwa.c in Sources */ = {isa = PBXBuildFile; fileRef = 3745F26D14C8A80000007C3C /* iwa.c */; };
		3745F29314C8A8DA00007C3C /* learn.c in Sources */ = {isa = PBXBuildFile; fileRef = 3745F26F14C8A80000007C3C /* learn.c */; };
		3745F29414C8A8DA00007C3C /* main.c in Sources */ = {isa = PBXBuildFile; fileRef = 3745F27014C8A80000007C3C /* main.c */; };
		3745F29514C8A8DA00007C3C /* option.c in Sources */ = {isa = PBXBuildFile; fileRef = 3745F27114C8A80000007C3C /* option.c */; };
		3745F29814C8A8DA00007C3C /* reader.c in Sources */ = {isa = PBXBuildFile; fileRef = 3745F27414C8A80000007C3C /* reader.c */; };
		3745F29914C8A8DA00007C3C /* tag.c in Sources */ = {isa = PBXBuildFile; fileRef = 3745F27514C8A80000007C3C /* tag.c */; };
		3745F29A14C8A8E300007C3C /* libcrfsuite-0.12.dylib in Frameworks */ = {isa = PBXBuildFile; fileRef = 3702222014C50EEA00052F88 /* libcrfsuite-0.12.dylib */; };
		379B8E4014C50FB600797170 /* liblbfgs-1.10.dylib in Frameworks */ = {isa = PBXBuildFile; fileRef = 3702222F14C50EFA00052F88 /* liblbfgs-1.10.dylib */; };
		379B8E4314C5292C00797170 /* config.h in Headers */ = {isa = PBXBuildFile; fileRef = 379B8E4214C5292C00797170 /* config.h */; };
		379B8E4814C5296B00797170 /* crfsuite_api.hpp in Headers */ = {isa = PBXBuildFile; fileRef = 379B8E4414C5296B00797170 /* crfsuite_api.hpp */; settings = {ATTRIBUTES = (Public, ); }; };
		379B8E4914C5296B00797170 /* crfsuite.h in Headers */ = {isa = PBXBuildFile; fileRef = 379B8E4514C5296B00797170 /* crfsuite.h */; settings = {ATTRIBUTES = (Public, ); }; };
		379B8E4A14C5296B00797170 /* crfsuite.hpp in Headers */ = {isa = PBXBuildFile; fileRef = 379B8E4614C5296B00797170 /* crfsuite.hpp */; settings = {ATTRIBUTES = (Public, ); }; };
		379B8E4B14C5296B00797170 /* os.h in Headers */ = {isa = PBXBuildFile; fileRef = 379B8E4714C5296B00797170 /* os.h */; };
		379B8E6614C5299200797170 /* crf1d_context.c in Sources */ = {isa = PBXBuildFile; fileRef = 379B8E4C14C5299200797170 /* crf1d_context.c */; };
		379B8E6714C5299200797170 /* crf1d_encode.c in Sources */ = {isa = PBXBuildFile; fileRef = 379B8E4D14C5299200797170 /* crf1d_encode.c */; };
		379B8E6814C5299200797170 /* crf1d_feature.c in Sources */ = {isa = PBXBuildFile; fileRef = 379B8E4E14C5299200797170 /* crf1d_feature.c */; };
		379B8E6914C5299200797170 /* crf1d_model.c in Sources */ = {isa = PBXBuildFile; fileRef = 379B8E4F14C5299200797170 /* crf1d_model.c */; };
		379B8E6A14C5299200797170 /* crf1d_tag.c in Sources */ = {isa = PBXBuildFile; fileRef = 379B8E5014C5299200797170 /* crf1d_tag.c */; };
		379B8E6B14C5299200797170 /* crf1d.h in Headers */ = {isa = PBXBuildFile; fileRef = 379B8E5114C5299200797170 /* crf1d.h */; };
		379B8E6C14C5299200797170 /* crfsuite_internal.h in Headers */ = {isa = PBXBuildFile; fileRef = 379B8E5214C5299200797170 /* crfsuite_internal.h */; };
		379B8E6D14C5299200797170 /* crfsuite_train.c in Sources */ = {isa = PBXBuildFile; fileRef = 379B8E5314C5299200797170 /* crfsuite_train.c */; };
		379B8E6E14C5299200797170 /* crfsuite.c in Sources */ = {isa = PBXBuildFile; fileRef = 379B8E5414C5299200797170 /* crfsuite.c */; };
		379B8E6F14C5299200797170 /* dataset.c in Sources */ = {isa = PBXBuildFile; fileRef = 379B8E5514C5299200797170 /* dataset.c */; };
		379B8E7014C5299200797170 /* dictionary.c in Sources */ = {isa = PBXBuildFile; fileRef = 379B8E5614C5299200797170 /* dictionary.c */; };
		379B8E7114C5299200797170 /* holdout.c in Sources */ = {isa = PBXBuildFile; fileRef = 379B8E5714C5299200797170 /* holdout.c */; };
		379B8E7214C5299200797170 /* logging.c in Sources */ = {isa = PBXBuildFile; fileRef = 379B8E5814C5299200797170 /* logging.c */; };
		379B8E7314C5299200797170 /* logging.h in Headers */ = {isa = PBXBuildFile; fileRef = 379B8E5914C5299200797170 /* logging.h */; };
		379B8E7414C5299200797170 /* params.c in Sources */ = {isa = PBXBuildFile; fileRef = 379B8E5A14C5299200797170 /* params.c */; };
		379B8E7514C5299200797170 /* params.h in Headers */ = {isa = PBXBuildFile; fileRef = 379B8E5B14C5299200797170 /* params.h */; };
		379B8E7614C5299200797170 /* quark.c in Sources */ = {isa = PBXBuildFile; fileRef = 379B8E5C14C5299200797170 /* quark.c */; };
		379B8E7714C5299200797170 /* quark.h in Headers */ = {isa = PBXBuildFile; fileRef = 379B8E5D14C5299200797170 /* quark.h */; };
		379B8E7814C5299200797170 /* rumavl.c in Sources */ = {isa = PBXBuildFile; fileRef = 379B8E5E14C5299200797170 /* rumavl.c */; };
		379B8E7914C5299200797170 /* rumavl.h in Headers */ = {isa = PBXBuildFile; fileRef = 379B8E5F14C5299200797170 /* rumavl.h */; };
		379B8E7A14C5299200797170 /* train_arow.c in Sources */ = {isa = PBXBuildFile; fileRef = 379B8E6014C5299200797170 /* train_arow.c */; };
		379B8E7B14C5299200797170 /* train_averaged_perceptron.c in Sources */ = {isa = PBXBuildFile; fileRef = 379B8E6114C5299200797170 /* train_averaged_perceptron.c */; };
		379B8E7C14C5299200797170 /* train_l2sgd.c in Sources */ = {isa = PBXBuildFile; fileRef = 379B8E6214C5299200797170 /* train_l2sgd.c */; };
		379B8E7D14C5299200797170 /* train_lbfgs.c in Sources */ = {isa = PBXBuildFile; fileRef = 379B8E6314C5299200797170 /* train_lbfgs.c */; };
		379B8E7E14C5299200797170 /* train_passive_aggressive.c in Sources */ = {isa = PBXBuildFile; fileRef = 379B8E6414C5299200797170 /* train_passive_aggressive.c */; };
		379B8E7F14C5299200797170 /* vecmath.h in Headers */ = {isa = PBXBuildFile; fileRef = 379B8E6514C5299200797170 /* vecmath.h */; };
		379B8E8414C52A6800797170 /* cqdb.c in Sources */ = {isa = PBXBuildFile; fileRef = 379B8E8114C52A6800797170 /* cqdb.c */; };
		379B8E8514C52A6800797170 /* lookup3.c in Sources */ = {isa = PBXBuildFile; fileRef = 379B8E8214C52A6800797170 /* lookup3.c */; };
		379B8E8814C52A7000797170 /* cqdb.h in Headers */ = {isa = PBXBuildFile; fileRef = 379B8E8714C52A7000797170 /* cqdb.h */; };
		37CE283A1508151B0083B1AA /* liblbfgs-1.10.dylib in Frameworks */ = {isa = PBXBuildFile; fileRef = 3702222F14C50EFA00052F88 /* liblbfgs-1.10.dylib */; };
		37E4E1F914C8D997009D2F98 /* lbfgs.h in Headers */ = {isa = PBXBuildFile; fileRef = 37E4E1F814C8D997009D2F98 /* lbfgs.h */; };
/* End PBXBuildFile section */

/* Begin PBXContainerItemProxy section */
		3702222E14C50EFA00052F88 /* PBXContainerItemProxy */ = {
			isa = PBXContainerItemProxy;
			containerPortal = 3702222714C50EFA00052F88 /* liblbfgs.xcodeproj */;
			proxyType = 2;
			remoteGlobalIDString = 370221FA14C504FF00052F88;
			remoteInfo = lbfgs;
		};
		37CE2834150814FA0083B1AA /* PBXContainerItemProxy */ = {
			isa = PBXContainerItemProxy;
			containerPortal = 3702222714C50EFA00052F88 /* liblbfgs.xcodeproj */;
			proxyType = 1;
			remoteGlobalIDString = 370221F914C504FF00052F88;
			remoteInfo = lbfgs;
		};
		37CE2836150815020083B1AA /* PBXContainerItemProxy */ = {
			isa = PBXContainerItemProxy;
			containerPortal = 3702221214C50ECF00052F88 /* Project object */;
			proxyType = 1;
			remoteGlobalIDString = 3702221F14C50EEA00052F88;
			remoteInfo = crfsuite;
		};
/* End PBXContainerItemProxy section */

/* Begin PBXFileReference section */
		3702222014C50EEA00052F88 /* libcrfsuite-0.12.dylib */ = {isa = PBXFileReference; explicitFileType = "compiled.mach-o.dylib"; includeInIndex = 0; path = "libcrfsuite-0.12.dylib"; sourceTree = BUILT_PRODUCTS_DIR; };
		3702222714C50EFA00052F88 /* liblbfgs.xcodeproj */ = {isa = PBXFileReference; lastKnownFileType = "wrapper.pb-project"; name = liblbfgs.xcodeproj; path = ../liblbfgs/liblbfgs.xcodeproj; sourceTree = "<group>"; };
		3745F26C14C8A80000007C3C /* dump.c */ = {isa = PBXFileReference; fileEncoding = 4; lastKnownFileType = sourcecode.c.c; name = dump.c; path = frontend/dump.c; sourceTree = "<group>"; };
		3745F26D14C8A80000007C3C /* iwa.c */ = {isa = PBXFileReference; fileEncoding = 4; lastKnownFileType = sourcecode.c.c; name = iwa.c; path = frontend/iwa.c; sourceTree = "<group>"; };
		3745F26E14C8A80000007C3C /* iwa.h */ = {isa = PBXFileReference; fileEncoding = 4; lastKnownFileType = sourcecode.c.h; name = iwa.h; path = frontend/iwa.h; sourceTree = "<group>"; };
		3745F26F14C8A80000007C3C /* learn.c */ = {isa = PBXFileReference; fileEncoding = 4; lastKnownFileType = sourcecode.c.c; name = learn.c; path = frontend/learn.c; sourceTree = "<group>"; };
		3745F27014C8A80000007C3C /* main.c */ = {isa = PBXFileReference; fileEncoding = 4; lastKnownFileType = sourcecode.c.c; name = main.c; path = frontend/main.c; sourceTree = "<group>"; };
		3745F27114C8A80000007C3C /* option.c */ = {isa = PBXFileReference; fileEncoding = 4; lastKnownFileType = sourcecode.c.c; name = option.c; path = frontend/option.c; sourceTree = "<group>"; };
		3745F27214C8A80000007C3C /* option.h */ = {isa = PBXFileReference; fileEncoding = 4; lastKnownFileType = sourcecode.c.h; name = option.h; path = frontend/option.h; sourceTree = "<group>"; };
		3745F27314C8A80000007C3C /* readdata.h */ = {isa = PBXFileReference; fileEncoding = 4; lastKnownFileType = sourcecode.c.h; name = readdata.h; path = frontend/readdata.h; sourceTree = "<group>"; };
		3745F27414C8A80000007C3C /* reader.c */ = {isa = PBXFileReference; fileEncoding = 4; lastKnownFileType = sourcecode.c.c; name = reader.c; path = frontend/reader.c; sourceTree = "<group>"; };
		3745F27514C8A80000007C3C /* tag.c */ = {isa = PBXFileReference; fileEncoding = 4; lastKnownFileType = sourcecode.c.c; name = tag.c; path = frontend/tag.c; sourceTree = "<group>"; };
		3745F28414C8A8C400007C3C /* crfsuite */ = {isa = PBXFileReference; explicitFileType = "compiled.mach-o.executable"; includeInIndex = 0; path = crfsuite; sourceTree = BUILT_PRODUCTS_DIR; };
		379B8E4214C5292C00797170 /* config.h */ = {isa = PBXFileReference; fileEncoding = 4; lastKnownFileType = sourcecode.c.h; path = config.h; sourceTree = "<group>"; };
		379B8E4414C5296B00797170 /* crfsuite_api.hpp */ = {isa = PBXFileReference; fileEncoding = 4; lastKnownFileType = sourcecode.cpp.h; name = crfsuite_api.hpp; path = include/crfsuite_api.hpp; sourceTree = "<group>"; };
		379B8E4514C5296B00797170 /* crfsuite.h */ = {isa = PBXFileReference; fileEncoding = 4; lastKnownFileType = sourcecode.c.h; name = crfsuite.h; path = include/crfsuite.h; sourceTree = "<group>"; };
		379B8E4614C5296B00797170 /* crfsuite.hpp */ = {isa = PBXFileReference; fileEncoding = 4; lastKnownFileType = sourcecode.cpp.h; name = crfsuite.hpp; path = include/crfsuite.hpp; sourceTree = "<group>"; };
		379B8E4714C5296B00797170 /* os.h */ = {isa = PBXFileReference; fileEncoding = 4; lastKnownFileType = sourcecode.c.h; name = os.h; path = include/os.h; sourceTree = "<group>"; };
		379B8E4C14C5299200797170 /* crf1d_context.c */ = {isa = PBXFileReference; fileEncoding = 4; lastKnownFileType = sourcecode.c.c; name = crf1d_context.c; path = lib/crf/src/crf1d_context.c; sourceTree = "<group>"; };
		379B8E4D14C5299200797170 /* crf1d_encode.c */ = {isa = PBXFileReference; fileEncoding = 4; lastKnownFileType = sourcecode.c.c; name = crf1d_encode.c; path = lib/crf/src/crf1d_encode.c; sourceTree = "<group>"; };
		379B8E4E14C5299200797170 /* crf1d_feature.c */ = {isa = PBXFileReference; fileEncoding = 4; lastKnownFileType = sourcecode.c.c; name = crf1d_feature.c; path = lib/crf/src/crf1d_feature.c; sourceTree = "<group>"; };
		379B8E4F14C5299200797170 /* crf1d_model.c */ = {isa = PBXFileReference; fileEncoding = 4; lastKnownFileType = sourcecode.c.c; name = crf1d_model.c; path = lib/crf/src/crf1d_model.c; sourceTree = "<group>"; };
		379B8E5014C5299200797170 /* crf1d_tag.c */ = {isa = PBXFileReference; fileEncoding = 4; lastKnownFileType = sourcecode.c.c; name = crf1d_tag.c; path = lib/crf/src/crf1d_tag.c; sourceTree = "<group>"; };
		379B8E5114C5299200797170 /* crf1d.h */ = {isa = PBXFileReference; fileEncoding = 4; lastKnownFileType = sourcecode.c.h; name = crf1d.h; path = lib/crf/src/crf1d.h; sourceTree = "<group>"; };
		379B8E5214C5299200797170 /* crfsuite_internal.h */ = {isa = PBXFileReference; fileEncoding = 4; lastKnownFileType = sourcecode.c.h; name = crfsuite_internal.h; path = lib/crf/src/crfsuite_internal.h; sourceTree = "<group>"; };
		379B8E5314C5299200797170 /* crfsuite_train.c */ = {isa = PBXFileReference; fileEncoding = 4; lastKnownFileType = sourcecode.c.c; name = crfsuite_train.c; path = lib/crf/src/crfsuite_train.c; sourceTree = "<group>"; };
		379B8E5414C5299200797170 /* crfsuite.c */ = {isa = PBXFileReference; fileEncoding = 4; lastKnownFileType = sourcecode.c.c; name = crfsuite.c; path = lib/crf/src/crfsuite.c; sourceTree = "<group>"; };
		379B8E5514C5299200797170 /* dataset.c */ = {isa = PBXFileReference; fileEncoding = 4; lastKnownFileType = sourcecode.c.c; name = dataset.c; path = lib/crf/src/dataset.c; sourceTree = "<group>"; };
		379B8E5614C5299200797170 /* dictionary.c */ = {isa = PBXFileReference; fileEncoding = 4; lastKnownFileType = sourcecode.c.c; name = dictionary.c; path = lib/crf/src/dictionary.c; sourceTree = "<group>"; };
		379B8E5714C5299200797170 /* holdout.c */ = {isa = PBXFileReference; fileEncoding = 4; lastKnownFileType = sourcecode.c.c; name = holdout.c; path = lib/crf/src/holdout.c; sourceTree = "<group>"; };
		379B8E5814C5299200797170 /* logging.c */ = {isa = PBXFileReference; fileEncoding = 4; lastKnownFileType = sourcecode.c.c; name = logging.c; path = lib/crf/src/logging.c; sourceTree = "<group>"; };
		379B8E5914C5299200797170 /* logging.h */ = {isa = PBXFileReference; fileEncoding = 4; lastKnownFileType = sourcecode.c.h; name = logging.h; path = lib/crf/src/logging.h; sourceTree = "<group>"; };
		379B8E5A14C5299200797170 /* params.c */ = {isa = PBXFileReference; fileEncoding = 4; lastKnownFileType = sourcecode.c.c; name = params.c; path = lib/crf/src/params.c; sourceTree = "<group>"; };
		379B8E5B14C5299200797170 /* params.h */ = {isa = PBXFileReference; fileEncoding = 4; lastKnownFileType = sourcecode.c.h; name = params.h; path = lib/crf/src/params.h; sourceTree = "<group>"; };
		379B8E5C14C5299200797170 /* quark.c */ = {isa = PBXFileReference; fileEncoding = 4; lastKnownFileType = sourcecode.c.c; name = quark.c; path = lib/crf/src/quark.c; sourceTree = "<group>"; };
		379B8E5D14C5299200797170 /* quark.h */ = {isa = PBXFileReference; fileEncoding = 4; lastKnownFileType = sourcecode.c.h; name = quark.h; path = lib/crf/src/quark.h; sourceTree = "<group>"; };
		379B8E5E14C5299200797170 /* rumavl.c */ = {isa = PBXFileReference; fileEncoding = 4; lastKnownFileType = sourcecode.c.c; name = rumavl.c; path = lib/crf/src/rumavl.c; sourceTree = "<group>"; };
		379B8E5F14C5299200797170 /* rumavl.h */ = {isa = PBXFileReference; fileEncoding = 4; lastKnownFileType = sourcecode.c.h; name = rumavl.h; path = lib/crf/src/rumavl.h; sourceTree = "<group>"; };
		379B8E6014C5299200797170 /* train_arow.c */ = {isa = PBXFileReference; fileEncoding = 4; lastKnownFileType = sourcecode.c.c; name = train_arow.c; path = lib/crf/src/train_arow.c; sourceTree = "<group>"; };
		379B8E6114C5299200797170 /* train_averaged_perceptron.c */ = {isa = PBXFileReference; fileEncoding = 4; lastKnownFileType = sourcecode.c.c; name = train_averaged_perceptron.c; path = lib/crf/src/train_averaged_perceptron.c; sourceTree = "<group>"; };
		379B8E6214C5299200797170 /* train_l2sgd.c */ = {isa = PBXFileReference; fileEncoding = 4; lastKnownFileType = sourcecode.c.c; name = train_l2sgd.c; path = lib/crf/src/train_l2sgd.c; sourceTree = "<group>"; };
		379B8E6314C5299200797170 /* train_lbfgs.c */ = {isa = PBXFileReference; fileEncoding = 4; lastKnownFileType = sourcecode.c.c; name = train_lbfgs.c; path = lib/crf/src/train_lbfgs.c; sourceTree = "<group>"; };
		379B8E6414C5299200797170 /* train_passive_aggressive.c */ = {isa = PBXFileReference; fileEncoding = 4; lastKnownFileType = sourcecode.c.c; name = train_passive_aggressive.c; path = lib/crf/src/train_passive_aggressive.c; sourceTree = "<group>"; };
		379B8E6514C5299200797170 /* vecmath.h */ = {isa = PBXFileReference; fileEncoding = 4; lastKnownFileType = sourcecode.c.h; name = vecmath.h; path = lib/crf/src/vecmath.h; sourceTree = "<group>"; };
		379B8E8114C52A6800797170 /* cqdb.c */ = {isa = PBXFileReference; fileEncoding = 4; lastKnownFileType = sourcecode.c.c; name = cqdb.c; path = lib/cqdb/src/cqdb.c; sourceTree = "<group>"; };
		379B8E8214C52A6800797170 /* lookup3.c */ = {isa = PBXFileReference; fileEncoding = 4; lastKnownFileType = sourcecode.c.c; name = lookup3.c; path = lib/cqdb/src/lookup3.c; sourceTree = "<group>"; };
		379B8E8714C52A7000797170 /* cqdb.h */ = {isa = PBXFileReference; fileEncoding = 4; lastKnownFileType = sourcecode.c.h; name = cqdb.h; path = lib/cqdb/include/cqdb.h; sourceTree = "<group>"; };
		37E4E1F814C8D997009D2F98 /* lbfgs.h */ = {isa = PBXFileReference; fileEncoding = 4; lastKnownFileType = sourcecode.c.h; name = lbfgs.h; path = ../liblbfgs/include/lbfgs.h; sourceTree = "<group>"; };
/* End PBXFileReference section */

/* Begin PBXFrameworksBuildPhase section */
		3702221D14C50EEA00052F88 /* Frameworks */ = {
			isa = PBXFrameworksBuildPhase;
			buildActionMask = 2147483647;
			files = (
				379B8E4014C50FB600797170 /* liblbfgs-1.10.dylib in Frameworks */,
			);
			runOnlyForDeploymentPostprocessing = 0;
		};
		3745F28114C8A8C400007C3C /* Frameworks */ = {
			isa = PBXFrameworksBuildPhase;
			buildActionMask = 2147483647;
			files = (
				3745F29A14C8A8E300007C3C /* libcrfsuite-0.12.dylib in Frameworks */,
				37CE283A1508151B0083B1AA /* liblbfgs-1.10.dylib in Frameworks */,
			);
			runOnlyForDeploymentPostprocessing = 0;
		};
/* End PBXFrameworksBuildPhase section */

/* Begin PBXGroup section */
		3702221014C50ECF00052F88 = {
			isa = PBXGroup;
			children = (
				3702222714C50EFA00052F88 /* liblbfgs.xcodeproj */,
				3702222614C50EF100052F88 /* Source */,
				37E4E1F814C8D997009D2F98 /* lbfgs.h */,
				3702222114C50EEA00052F88 /* Products */,
			);
			sourceTree = "<group>";
		};
		3702222114C50EEA00052F88 /* Products */ = {
			isa = PBXGroup;
			children = (
				3702222014C50EEA00052F88 /* libcrfsuite-0.12.dylib */,
				3745F28414C8A8C400007C3C /* crfsuite */,
			);
			name = Products;
			sourceTree = "<group>";
		};
		3702222614C50EF100052F88 /* Source */ = {
			isa = PBXGroup;
			children = (
				3745F26B14C8A7E000007C3C /* frontend */,
				3745F26A14C8A7D800007C3C /* lib */,
				379B8E4214C5292C00797170 /* config.h */,
				379B8E4414C5296B00797170 /* crfsuite_api.hpp */,
				379B8E4514C5296B00797170 /* crfsuite.h */,
				379B8E4614C5296B00797170 /* crfsuite.hpp */,
				379B8E4714C5296B00797170 /* os.h */,
			);
			name = Source;
			sourceTree = "<group>";
		};
		3702222814C50EFA00052F88 /* Products */ = {
			isa = PBXGroup;
			children = (
				3702222F14C50EFA00052F88 /* liblbfgs-1.10.dylib */,
			);
			name = Products;
			sourceTree = "<group>";
		};
		3745F26914C8A7BA00007C3C /* crf */ = {
			isa = PBXGroup;
			children = (
				379B8E4C14C5299200797170 /* crf1d_context.c */,
				379B8E4D14C5299200797170 /* crf1d_encode.c */,
				379B8E4E14C5299200797170 /* crf1d_feature.c */,
				379B8E4F14C5299200797170 /* crf1d_model.c */,
				379B8E5014C5299200797170 /* crf1d_tag.c */,
				379B8E5114C5299200797170 /* crf1d.h */,
				379B8E5214C5299200797170 /* crfsuite_internal.h */,
				379B8E5314C5299200797170 /* crfsuite_train.c */,
				379B8E5414C5299200797170 /* crfsuite.c */,
				379B8E5514C5299200797170 /* dataset.c */,
				379B8E5614C5299200797170 /* dictionary.c */,
				379B8E5714C5299200797170 /* holdout.c */,
				379B8E5814C5299200797170 /* logging.c */,
				379B8E5914C5299200797170 /* logging.h */,
				379B8E5A14C5299200797170 /* params.c */,
				379B8E5B14C5299200797170 /* params.h */,
				379B8E5C14C5299200797170 /* quark.c */,
				379B8E5D14C5299200797170 /* quark.h */,
				379B8E5E14C5299200797170 /* rumavl.c */,
				379B8E5F14C5299200797170 /* rumavl.h */,
				379B8E6014C5299200797170 /* train_arow.c */,
				379B8E6114C5299200797170 /* train_averaged_perceptron.c */,
				379B8E6214C5299200797170 /* train_l2sgd.c */,
				379B8E6314C5299200797170 /* train_lbfgs.c */,
				379B8E6414C5299200797170 /* train_passive_aggressive.c */,
				379B8E6514C5299200797170 /* vecmath.h */,
			);
			name = crf;
			sourceTree = "<group>";
		};
		3745F26A14C8A7D800007C3C /* lib */ = {
			isa = PBXGroup;
			children = (
				379B8E8014C52A6100797170 /* cqdb */,
				3745F26914C8A7BA00007C3C /* crf */,
			);
			name = lib;
			sourceTree = "<group>";
		};
		3745F26B14C8A7E000007C3C /* frontend */ = {
			isa = PBXGroup;
			children = (
				3745F26C14C8A80000007C3C /* dump.c */,
				3745F26D14C8A80000007C3C /* iwa.c */,
				3745F26E14C8A80000007C3C /* iwa.h */,
				3745F26F14C8A80000007C3C /* learn.c */,
				3745F27014C8A80000007C3C /* main.c */,
				3745F27114C8A80000007C3C /* option.c */,
				3745F27214C8A80000007C3C /* option.h */,
				3745F27314C8A80000007C3C /* readdata.h */,
				3745F27414C8A80000007C3C /* reader.c */,
				3745F27514C8A80000007C3C /* tag.c */,
			);
			name = frontend;
			sourceTree = "<group>";
		};
		379B8E8014C52A6100797170 /* cqdb */ = {
			isa = PBXGroup;
			children = (
				379B8E8714C52A7000797170 /* cqdb.h */,
				379B8E8114C52A6800797170 /* cqdb.c */,
				379B8E8214C52A6800797170 /* lookup3.c */,
			);
			name = cqdb;
			sourceTree = "<group>";
		};
/* End PBXGroup section */

/* Begin PBXHeadersBuildPhase section */
		3702221E14C50EEA00052F88 /* Headers */ = {
			isa = PBXHeadersBuildPhase;
			buildActionMask = 2147483647;
			files = (
				379B8E4814C5296B00797170 /* crfsuite_api.hpp in Headers */,
				379B8E4A14C5296B00797170 /* crfsuite.hpp in Headers */,
				379B8E4914C5296B00797170 /* crfsuite.h in Headers */,
				379B8E4314C5292C00797170 /* config.h in Headers */,
				379B8E4B14C5296B00797170 /* os.h in Headers */,
				379B8E6B14C5299200797170 /* crf1d.h in Headers */,
				379B8E6C14C5299200797170 /* crfsuite_internal.h in Headers */,
				379B8E7314C5299200797170 /* logging.h in Headers */,
				379B8E7514C5299200797170 /* params.h in Headers */,
				379B8E7714C5299200797170 /* quark.h in Headers */,
				379B8E7914C5299200797170 /* rumavl.h in Headers */,
				379B8E7F14C5299200797170 /* vecmath.h in Headers */,
				379B8E8814C52A7000797170 /* cqdb.h in Headers */,
				3745F27814C8A80000007C3C /* iwa.h in Headers */,
				3745F27C14C8A80000007C3C /* option.h in Headers */,
				3745F27D14C8A80000007C3C /* readdata.h in Headers */,
				37E4E1F914C8D997009D2F98 /* lbfgs.h in Headers */,
			);
			runOnlyForDeploymentPostprocessing = 0;
		};
/* End PBXHeadersBuildPhase section */

/* Begin PBXNativeTarget section */
		3702221F14C50EEA00052F88 /* crfsuite */ = {
			isa = PBXNativeTarget;
			buildConfigurationList = 3702222414C50EEA00052F88 /* Build configuration list for PBXNativeTarget "crfsuite" */;
			buildPhases = (
				379B8E3D14C50F5D00797170 /* Run Configure Script */,
				3702221C14C50EEA00052F88 /* Sources */,
				3702221D14C50EEA00052F88 /* Frameworks */,
				3702221E14C50EEA00052F88 /* Headers */,
			);
			buildRules = (
			);
			dependencies = (
				37CE2835150814FA0083B1AA /* PBXTargetDependency */,
			);
			name = crfsuite;
			productName = crfsuite;
			productReference = 3702222014C50EEA00052F88 /* libcrfsuite-0.12.dylib */;
			productType = "com.apple.product-type.library.dynamic";
		};
		3745F28314C8A8C400007C3C /* frontend */ = {
			isa = PBXNativeTarget;
			buildConfigurationList = 3745F28B14C8A8C400007C3C /* Build configuration list for PBXNativeTarget "frontend" */;
			buildPhases = (
				3745F28014C8A8C400007C3C /* Sources */,
				3745F28114C8A8C400007C3C /* Frameworks */,
				37CE283F150816020083B1AA /* Copy liblbfgs */,
			);
			buildRules = (
			);
			dependencies = (
				37CE2837150815020083B1AA /* PBXTargetDependency */,
			);
			name = frontend;
			productName = crfsuite;
			productReference = 3745F28414C8A8C400007C3C /* crfsuite */;
			productType = "com.apple.product-type.tool";
		};
/* End PBXNativeTarget section */

/* Begin PBXProject section */
		3702221214C50ECF00052F88 /* Project object */ = {
			isa = PBXProject;
			attributes = {
				LastUpgradeCheck = 1400;
			};
			buildConfigurationList = 3702221514C50ECF00052F88 /* Build configuration list for PBXProject "crfsuite" */;
			compatibilityVersion = "Xcode 3.2";
			developmentRegion = en;
			hasScannedForEncodings = 0;
			knownRegions = (
				en,
				Base,
			);
			mainGroup = 3702221014C50ECF00052F88;
			productRefGroup = 3702222114C50EEA00052F88 /* Products */;
			projectDirPath = "";
			projectReferences = (
				{
					ProductGroup = 3702222814C50EFA00052F88 /* Products */;
					ProjectRef = 3702222714C50EFA00052F88 /* liblbfgs.xcodeproj */;
				},
			);
			projectRoot = "";
			targets = (
				3702221F14C50EEA00052F88 /* crfsuite */,
				3745F28314C8A8C400007C3C /* frontend */,
			);
		};
/* End PBXProject section */

/* Begin PBXReferenceProxy section */
		3702222F14C50EFA00052F88 /* liblbfgs-1.10.dylib */ = {
			isa = PBXReferenceProxy;
			fileType = "compiled.mach-o.dylib";
			path = "liblbfgs-1.10.dylib";
			remoteRef = 3702222E14C50EFA00052F88 /* PBXContainerItemProxy */;
			sourceTree = BUILT_PRODUCTS_DIR;
		};
/* End PBXReferenceProxy section */

/* Begin PBXShellScriptBuildPhase section */
		379B8E3D14C50F5D00797170 /* Run Configure Script */ = {
			isa = PBXShellScriptBuildPhase;
			buildActionMask = 2147483647;
			files = (
			);
			inputPaths = (
			);
			name = "Run Configure Script";
			outputPaths = (
			);
			runOnlyForDeploymentPostprocessing = 0;
			shellPath = /bin/sh;
			shellScript = "#autoconf/automake/libtool need to be installed\nPATH=$PATH:/usr/local/bin:/opt/homebrew/bin\nexport PATH\n\nif [ ! -f \"$SRCROOT\"/configure ]; then \n  sh \"$SRCROOT\"/autogen.sh > /dev/null 2>&1\nfi \n\nif [ ! -f \"$SRCROOT\"/config.h ]; then\n  CFLAGS='-L$TARGET_BUILD_DIR' \"$SRCROOT\"/configure\nfi\n";
			showEnvVarsInLog = 0;
		};
		37CE283F150816020083B1AA /* Copy liblbfgs */ = {
			isa = PBXShellScriptBuildPhase;
			buildActionMask = 2147483647;
			files = (
			);
			inputPaths = (
			);
			name = "Copy liblbfgs";
			outputPaths = (
			);
			runOnlyForDeploymentPostprocessing = 0;
			shellPath = /bin/sh;
			shellScript = "#Using a copy files phase causes Xcode to try to copy liblbfgs onto itself and fail in some cases\nif [ -f \"$SRCROOT\"/../liblbfgs/build/$CONFIGURATION/liblbfgs-1.10.dylib ]; then\n  cp \"$SRCROOT\"/../liblbfgs/build/$CONFIGURATION/liblbfgs-1.10.dylib \"$CONFIGURATION_BUILD_DIR\"\nfi";
			showEnvVarsInLog = 0;
		};
/* End PBXShellScriptBuildPhase section */

/* Begin PBXSourcesBuildPhase section */
		3702221C14C50EEA00052F88 /* Sources */ = {
			isa = PBXSourcesBuildPhase;
			buildActionMask = 2147483647;
			files = (
				379B8E6614C5299200797170 /* crf1d_context.c in Sources */,
				379B8E6714C5299200797170 /* crf1d_encode.c in Sources */,
				379B8E6814C5299200797170 /* crf1d_feature.c in Sources */,
				379B8E6914C5299200797170 /* crf1d_model.c in Sources */,
				379B8E6A14C5299200797170 /* crf1d_tag.c in Sources */,
				379B8E6D14C5299200797170 /* crfsuite_train.c in Sources */,
				379B8E6E14C5299200797170 /* crfsuite.c in Sources */,
				379B8E6F14C5299200797170 /* dataset.c in Sources */,
				379B8E7014C5299200797170 /* dictionary.c in Sources */,
				379B8E7114C5299200797170 /* holdout.c in Sources */,
				379B8E7214C5299200797170 /* logging.c in Sources */,
				379B8E7414C5299200797170 /* params.c in Sources */,
				379B8E7614C5299200797170 /* quark.c in Sources */,
				379B8E7814C5299200797170 /* rumavl.c in Sources */,
				379B8E7A14C5299200797170 /* train_arow.c in Sources */,
				379B8E7B14C5299200797170 /* train_averaged_perceptron.c in Sources */,
				379B8E7C14C5299200797170 /* train_l2sgd.c in Sources */,
				379B8E7D14C5299200797170 /* train_lbfgs.c in Sources */,
				379B8E7E14C5299200797170 /* train_passive_aggressive.c in Sources */,
				379B8E8414C52A6800797170 /* cqdb.c in Sources */,
				379B8E8514C52A6800797170 /* lookup3.c in Sources */,
				3745F27614C8A80000007C3C /* dump.c in Sources */,
				3745F27714C8A80000007C3C /* iwa.c in Sources */,
				3745F27914C8A80000007C3C /* learn.c in Sources */,
				3745F27A14C8A80000007C3C /* main.c in Sources */,
				3745F27B14C8A80000007C3C /* option.c in Sources */,
				3745F27E14C8A80000007C3C /* reader.c in Sources */,
				3745F27F14C8A80000007C3C /* tag.c in Sources */,
			);
			runOnlyForDeploymentPostprocessing = 0;
		};
		3745F28014C8A8C400007C3C /* Sources */ = {
			isa = PBXSourcesBuildPhase;
			buildActionMask = 2147483647;
			files = (
				3745F29014C8A8DA00007C3C /* dump.c in Sources */,
				3745F29114C8A8DA00007C3C /* iwa.c in Sources */,
				3745F29314C8A8DA00007C3C /* learn.c in Sources */,
				3745F29414C8A8DA00007C3C /* main.c in Sources */,
				3745F29514C8A8DA00007C3C /* option.c in Sources */,
				3745F29814C8A8DA00007C3C /* reader.c in Sources */,
				3745F29914C8A8DA00007C3C /* tag.c in Sources */,
			);
			runOnlyForDeploymentPostprocessing = 0;
		};
/* End PBXSourcesBuildPhase section */

/* Begin PBXTargetDependency section */
		37CE2835150814FA0083B1AA /* PBXTargetDependency */ = {
			isa = PBXTargetDependency;
			name = lbfgs;
			targetProxy = 37CE2834150814FA0083B1AA /* PBXContainerItemProxy */;
		};
		37CE2837150815020083B1AA /* PBXTargetDependency */ = {
			isa = PBXTargetDependency;
			target = 3702221F14C50EEA00052F88 /* crfsuite */;
			targetProxy = 37CE2836150815020083B1AA /* PBXContainerItemProxy */;
		};
/* End PBXTargetDependency section */

/* Begin XCBuildConfiguration section */
		3702221714C50ECF00052F88 /* Debug */ = {
			isa = XCBuildConfiguration;
			buildSettings = {
				CLANG_WARN_BLOCK_CAPTURE_AUTORELEASING = YES;
				CLANG_WARN_BOOL_CONVERSION = YES;
				CLANG_WARN_COMMA = YES;
				CLANG_WARN_CONSTANT_CONVERSION = YES;
				CLANG_WARN_DEPRECATED_OBJC_IMPLEMENTATIONS = YES;
				CLANG_WARN_EMPTY_BODY = YES;
				CLANG_WARN_ENUM_CONVERSION = YES;
				CLANG_WARN_INFINITE_RECURSION = YES;
				CLANG_WARN_INT_CONVERSION = YES;
				CLANG_WARN_NON_LITERAL_NULL_CONVERSION = YES;
				CLANG_WARN_OBJC_IMPLICIT_RETAIN_SELF = YES;
				CLANG_WARN_OBJC_LITERAL_CONVERSION = YES;
				CLANG_WARN_QUOTED_INCLUDE_IN_FRAMEWORK_HEADER = YES;
				CLANG_WARN_RANGE_LOOP_ANALYSIS = YES;
				CLANG_WARN_STRICT_PROTOTYPES = YES;
				CLANG_WARN_SUSPICIOUS_MOVE = YES;
				CLANG_WARN_UNREACHABLE_CODE = YES;
				CLANG_WARN__DUPLICATE_METHOD_MATCH = YES;
				DEAD_CODE_STRIPPING = YES;
				ENABLE_STRICT_OBJC_MSGSEND = YES;
				ENABLE_TESTABILITY = YES;
				GCC_NO_COMMON_BLOCKS = YES;
				GCC_WARN_64_TO_32_BIT_CONVERSION = YES;
				GCC_WARN_ABOUT_RETURN_TYPE = YES;
				GCC_WARN_UNDECLARED_SELECTOR = YES;
				GCC_WARN_UNINITIALIZED_AUTOS = YES;
				GCC_WARN_UNUSED_FUNCTION = YES;
				GCC_WARN_UNUSED_VARIABLE = YES;
				ONLY_ACTIVE_ARCH = YES;
				SDKROOT = macosx;
			};
			name = Debug;
		};
		3702221814C50ECF00052F88 /* Release */ = {
			isa = XCBuildConfiguration;
			buildSettings = {
				CLANG_WARN_BLOCK_CAPTURE_AUTORELEASING = YES;
				CLANG_WARN_BOOL_CONVERSION = YES;
				CLANG_WARN_COMMA = YES;
				CLANG_WARN_CONSTANT_CONVERSION = YES;
				CLANG_WARN_DEPRECATED_OBJC_IMPLEMENTATIONS = YES;
				CLANG_WARN_EMPTY_BODY = YES;
				CLANG_WARN_ENUM_CONVERSION = YES;
				CLANG_WARN_INFINITE_RECURSION = YES;
				CLANG_WARN_INT_CONVERSION = YES;
				CLANG_WARN_NON_LITERAL_NULL_CONVERSION = YES;
				CLANG_WARN_OBJC_IMPLICIT_RETAIN_SELF = YES;
				CLANG_WARN_OBJC_LITERAL_CONVERSION = YES;
				CLANG_WARN_QUOTED_INCLUDE_IN_FRAMEWORK_HEADER = YES;
				CLANG_WARN_RANGE_LOOP_ANALYSIS = YES;
				CLANG_WARN_STRICT_PROTOTYPES = YES;
				CLANG_WARN_SUSPICIOUS_MOVE = YES;
				CLANG_WARN_UNREACHABLE_CODE = YES;
				CLANG_WARN__DUPLICATE_METHOD_MATCH = YES;
				DEAD_CODE_STRIPPING = YES;
				ENABLE_STRICT_OBJC_MSGSEND = YES;
				GCC_NO_COMMON_BLOCKS = YES;
				GCC_WARN_64_TO_32_BIT_CONVERSION = YES;
				GCC_WARN_ABOUT_RETURN_TYPE = YES;
				GCC_WARN_UNDECLARED_SELECTOR = YES;
				GCC_WARN_UNINITIALIZED_AUTOS = YES;
				GCC_WARN_UNUSED_FUNCTION = YES;
				GCC_WARN_UNUSED_VARIABLE = YES;
				SDKROOT = macosx;
			};
			name = Release;
		};
		3702222214C50EEA00052F88 /* Debug */ = {
			isa = XCBuildConfiguration;
			buildSettings = {
				ALWAYS_SEARCH_USER_PATHS = NO;
				CLANG_ENABLE_OBJC_WEAK = YES;
				COPY_PHASE_STRIP = NO;
				DYLIB_COMPATIBILITY_VERSION = 0.1.2;
				DYLIB_CURRENT_VERSION = 0.1.2;
				EXECUTABLE_PREFIX = lib;
				GCC_OPTIMIZATION_LEVEL = 0;
				GCC_PREPROCESSOR_DEFINITIONS = (
					"DEBUG=1",
					"$(inherited)",
				);
				GCC_WARN_ABOUT_MISSING_PROTOTYPES = YES;
				HEADER_SEARCH_PATHS = "\"$BUILT_PRODUCTS_DIR/usr/local/include\"";
				INSTALL_PATH = "@loader_path";
				PRODUCT_NAME = "$(TARGET_NAME)-0.12";
			};
			name = Debug;
		};
		3702222314C50EEA00052F88 /* Release */ = {
			isa = XCBuildConfiguration;
			buildSettings = {
				ALWAYS_SEARCH_USER_PATHS = NO;
				CLANG_ENABLE_OBJC_WEAK = YES;
				DEBUG_INFORMATION_FORMAT = "dwarf-with-dsym";
				DYLIB_COMPATIBILITY_VERSION = 0.1.2;
				DYLIB_CURRENT_VERSION = 0.1.2;
				EXECUTABLE_PREFIX = lib;
				GCC_WARN_ABOUT_MISSING_PROTOTYPES = YES;
				HEADER_SEARCH_PATHS = "\"$BUILT_PRODUCTS_DIR/usr/local/include\"";
				INSTALL_PATH = "@loader_path";
				PRODUCT_NAME = "$(TARGET_NAME)-0.12";
			};
			name = Release;
		};
		3745F28C14C8A8C400007C3C /* Debug */ = {
			isa = XCBuildConfiguration;
			buildSettings = {
				ALWAYS_SEARCH_USER_PATHS = NO;
				CLANG_ENABLE_OBJC_WEAK = YES;
				COPY_PHASE_STRIP = NO;
				GCC_OPTIMIZATION_LEVEL = 0;
				GCC_PREPROCESSOR_DEFINITIONS = (
					"DEBUG=1",
					"$(inherited)",
				);
				GCC_SYMBOLS_PRIVATE_EXTERN = NO;
				GCC_WARN_ABOUT_MISSING_PROTOTYPES = YES;
				HEADER_SEARCH_PATHS = "\"$SRCROOT/include\"";
				PRODUCT_NAME = crfsuite;
			};
			name = Debug;
		};
		3745F28D14C8A8C400007C3C /* Release */ = {
			isa = XCBuildConfiguration;
			buildSettings = {
				ALWAYS_SEARCH_USER_PATHS = NO;
				CLANG_ENABLE_OBJC_WEAK = YES;
				DEBUG_INFORMATION_FORMAT = "dwarf-with-dsym";
				GCC_WARN_ABOUT_MISSING_PROTOTYPES = YES;
				HEADER_SEARCH_PATHS = "\"$SRCROOT/include\"";
				PRODUCT_NAME = crfsuite;
			};
			name = Release;
		};
/* End XCBuildConfiguration section */

/* Begin XCConfigurationList section */
		3702221514C50ECF00052F88 /* Build configuration list for PBXProject "crfsuite" */ = {
			isa = XCConfigurationList;
			buildConfigurations = (
				3702221714C50ECF00052F88 /* Debug */,
				3702221814C50ECF00052F88 /* Release */,
			);
			defaultConfigurationIsVisible = 0;
			defaultConfigurationName = Release;
		};
		3702222414C50EEA00052F88 /* Build configuration list for PBXNativeTarget "crfsuite" */ = {
			isa = XCConfigurationList;
			buildConfigurations = (
				3702222214C50EEA00052F88 /* Debug */,
				3702222314C50EEA00052F88 /* Release */,
			);
			defaultConfigurationIsVisible = 0;
			defaultConfigurationName = Release;
		};
		3745F28B14C8A8C400007C3C /* Build configuration list for PBXNativeTarget "frontend" */ = {
			isa = XCConfigurationList;
			buildConfigurations = (
				3745F28C14C8A8C400007C3C /* Debug */,
				3745F28D14C8A8C400007C3C /* Release */,
			);
			defaultConfigurationIsVisible = 0;
			defaultConfigurationName = Release;
		};
/* End XCConfigurationList section */
	};
	rootObject = 3702221214C50ECF00052F88 /* Project object */;
}
